
Microsoft Visual Studio Solution File, Format Version 12.00
# Visual Studio Version 16
VisualStudioVersion = 16.0.31005.135
MinimumVisualStudioVersion = 10.0.40219.1
Project("{9A19103F-16F7-4668-BE54-9A1E7A4F7556}") = "Assignment_1_Calculator.Tests", "Assignment_1_Calculator.Tests.csproj", "{20B3AED9-7E86-4D82-A9EE-DA16517731C3}"
EndProject
Project("{9A19103F-16F7-4668-BE54-9A1E7A4F7556}") = "Assignment_1_Calculator", "..\Assignment_1_Calculator\Assignment_1_Calculator.csproj", "{03B5F47F-AA06-495C-8D4E-04E1C1AEAAE9}"
EndProject
Global
	GlobalSection(SolutionConfigurationPlatforms) = preSolution
		Debug|Any CPU = Debug|Any CPU
		Release|Any CPU = Release|Any CPU
	EndGlobalSection
	GlobalSection(ProjectConfigurationPlatforms) = postSolution
		{20B3AED9-7E86-4D82-A9EE-DA16517731C3}.Debug|Any CPU.ActiveCfg = Debug|Any CPU
		{20B3AED9-7E86-4D82-A9EE-DA16517731C3}.Debug|Any CPU.Build.0 = Debug|Any CPU
		{20B3AED9-7E86-4D82-A9EE-DA16517731C3}.Release|Any CPU.ActiveCfg = Release|Any CPU
		{20B3AED9-7E86-4D82-A9EE-DA16517731C3}.Release|Any CPU.Build.0 = Release|Any CPU
		{03B5F47F-AA06-495C-8D4E-04E1C1AEAAE9}.Debug|Any CPU.ActiveCfg = Debug|Any CPU
		{03B5F47F-AA06-495C-8D4E-04E1C1AEAAE9}.Debug|Any CPU.Build.0 = Debug|Any CPU
		{03B5F47F-AA06-495C-8D4E-04E1C1AEAAE9}.Release|Any CPU.ActiveCfg = Release|Any CPU
		{03B5F47F-AA06-495C-8D4E-04E1C1AEAAE9}.Release|Any CPU.Build.0 = Release|Any CPU
	EndGlobalSection
	GlobalSection(SolutionProperties) = preSolution
		HideSolutionNode = FALSE
	EndGlobalSection
	GlobalSection(ExtensibilityGlobals) = postSolution
		SolutionGuid = {6882ED99-6FF2-4C59-B9E0-1BD696DD452D}
	EndGlobalSection
EndGlobal
